// !$*UTF8*$!
{
	archiveVersion = 1;
	classes = {
	};
	objectVersion = 50;
	objects = {

/* Begin PBXBuildFile section */
		711A06C1264630FA000CA449 /* TreatmentProStages.swift in Sources */ = {isa = PBXBuildFile; fileRef = 711A06C0264630FA000CA449 /* TreatmentProStages.swift */; };
		711A06C52646414B000CA449 /* PatientCard.swift in Sources */ = {isa = PBXBuildFile; fileRef = 711A06C42646414B000CA449 /* PatientCard.swift */; };
		711A06D026464DF4000CA449 /* ProfileView.swift in Sources */ = {isa = PBXBuildFile; fileRef = 711A06CF26464DF4000CA449 /* ProfileView.swift */; };
		711A06D426464F54000CA449 /* ProfessionalTabView.swift in Sources */ = {isa = PBXBuildFile; fileRef = 711A06D326464F54000CA449 /* ProfessionalTabView.swift */; };
		71836075265433FF00CB91DE /* RegisterPatient.swift in Sources */ = {isa = PBXBuildFile; fileRef = 71836074265433FF00CB91DE /* RegisterPatient.swift */; };
		7183607D2654579D00CB91DE /* TreatmentItemNewPatient.swift in Sources */ = {isa = PBXBuildFile; fileRef = 7183607C2654579D00CB91DE /* TreatmentItemNewPatient.swift */; };
		719AC36B264D115B000DF672 /* CloudKit.framework in Frameworks */ = {isa = PBXBuildFile; fileRef = 719AC36A264D115B000DF672 /* CloudKit.framework */; };
		71A869DE264A52B4006B1176 /* ProfileHeader.swift in Sources */ = {isa = PBXBuildFile; fileRef = 71A869DD264A52B4006B1176 /* ProfileHeader.swift */; };
		71D1407B26430DD700D2774C /* AiNiApp.swift in Sources */ = {isa = PBXBuildFile; fileRef = 71D1407A26430DD700D2774C /* AiNiApp.swift */; };
		71D1407D26430DD700D2774C /* ContentView.swift in Sources */ = {isa = PBXBuildFile; fileRef = 71D1407C26430DD700D2774C /* ContentView.swift */; };
		71D1407F26430DD900D2774C /* Assets.xcassets in Resources */ = {isa = PBXBuildFile; fileRef = 71D1407E26430DD900D2774C /* Assets.xcassets */; };
		71D1408226430DD900D2774C /* Preview Assets.xcassets in Resources */ = {isa = PBXBuildFile; fileRef = 71D1408126430DD900D2774C /* Preview Assets.xcassets */; };
		71DC3047264B10B60044CA11 /* CircleImage.swift in Sources */ = {isa = PBXBuildFile; fileRef = 71DC3046264B10B60044CA11 /* CircleImage.swift */; };
		71DC304B264B11910044CA11 /* PatientTabView.swift in Sources */ = {isa = PBXBuildFile; fileRef = 71DC304A264B11910044CA11 /* PatientTabView.swift */; };
		8021066226559BD200787B12 /* User.swift in Sources */ = {isa = PBXBuildFile; fileRef = 8021066126559BD200787B12 /* User.swift */; };
		802106642656F64F00787B12 /* UserType.swift in Sources */ = {isa = PBXBuildFile; fileRef = 802106632656F64F00787B12 /* UserType.swift */; };
		8057C8B1265311C40006794B /* CustomTextField.swift in Sources */ = {isa = PBXBuildFile; fileRef = 8057C8B0265311C40006794B /* CustomTextField.swift */; };
		9F16FB05264E0A2800792B9B /* PatientTreatmentsCard.swift in Sources */ = {isa = PBXBuildFile; fileRef = 9F16FB04264E0A2800792B9B /* PatientTreatmentsCard.swift */; };
		9F16FB09264E0D2C00792B9B /* StageCard.swift in Sources */ = {isa = PBXBuildFile; fileRef = 9F16FB08264E0D2C00792B9B /* StageCard.swift */; };
		9F16FB0D264ED9AC00792B9B /* PatientStageView.swift in Sources */ = {isa = PBXBuildFile; fileRef = 9F16FB0C264ED9AC00792B9B /* PatientStageView.swift */; };
		9F16FB11264EFCBA00792B9B /* CardsGradientStyle.swift in Sources */ = {isa = PBXBuildFile; fileRef = 9F16FB10264EFCBA00792B9B /* CardsGradientStyle.swift */; };
		9F7DA082265430F70086F13E /* TreatmentTimer.swift in Sources */ = {isa = PBXBuildFile; fileRef = 9F7DA081265430F70086F13E /* TreatmentTimer.swift */; };
		9F7DA084265467F60086F13E /* LightGradientStyle.swift in Sources */ = {isa = PBXBuildFile; fileRef = 9F7DA083265467F60086F13E /* LightGradientStyle.swift */; };
		9F85274F264DB73C00B5B485 /* TreatmentProCard.swift in Sources */ = {isa = PBXBuildFile; fileRef = 9F85274D264DB73C00B5B485 /* TreatmentProCard.swift */; };
		9F852750264DB73C00B5B485 /* TreatmentsProView.swift in Sources */ = {isa = PBXBuildFile; fileRef = 9F85274E264DB73C00B5B485 /* TreatmentsProView.swift */; };
		9F852752264DB75900B5B485 /* NotificationsView.swift in Sources */ = {isa = PBXBuildFile; fileRef = 9F852751264DB75900B5B485 /* NotificationsView.swift */; };
		9F852754264DB77200B5B485 /* PatientsView.swift in Sources */ = {isa = PBXBuildFile; fileRef = 9F852753264DB77200B5B485 /* PatientsView.swift */; };
		9F85275C264DB90000B5B485 /* RegisterView.swift in Sources */ = {isa = PBXBuildFile; fileRef = 9F85275A264DB90000B5B485 /* RegisterView.swift */; };
		9F85275D264DB90000B5B485 /* AuthView.swift in Sources */ = {isa = PBXBuildFile; fileRef = 9F85275B264DB90000B5B485 /* AuthView.swift */; };
		9F89D4B42652DEBA008558C6 /* PatientDoingStep.swift in Sources */ = {isa = PBXBuildFile; fileRef = 9F89D4B32652DEBA008558C6 /* PatientDoingStep.swift */; };
		9F89D4B62652E12E008558C6 /* PatientProgressView.swift in Sources */ = {isa = PBXBuildFile; fileRef = 9F89D4B52652E12E008558C6 /* PatientProgressView.swift */; };
		9F89D4B92652EADF008558C6 /* BlueButton.swift in Sources */ = {isa = PBXBuildFile; fileRef = 9F89D4B82652EADF008558C6 /* BlueButton.swift */; };
		9FD5D6762654B877004F39F6 /* LightButton.swift in Sources */ = {isa = PBXBuildFile; fileRef = 9FD5D6752654B877004F39F6 /* LightButton.swift */; };
		9FEB86242656BA5F0087D892 /* StepTwoView.swift in Sources */ = {isa = PBXBuildFile; fileRef = 9FEB86232656BA5F0087D892 /* StepTwoView.swift */; };
		9FEB86272656F5D10087D892 /* DoneStageButton.swift in Sources */ = {isa = PBXBuildFile; fileRef = 9FEB86262656F5D10087D892 /* DoneStageButton.swift */; };
		9FF30FAC264C446600161638 /* TodayView.swift in Sources */ = {isa = PBXBuildFile; fileRef = 9FF30FAB264C446600161638 /* TodayView.swift */; };
		9FF30FAF264C69D200161638 /* PatientTreatmentsView.swift in Sources */ = {isa = PBXBuildFile; fileRef = 9FF30FAE264C69D200161638 /* PatientTreatmentsView.swift */; };
		FD480D35264AFD52008A8F07 /* ModalNewStep.swift in Sources */ = {isa = PBXBuildFile; fileRef = FD480D34264AFD52008A8F07 /* ModalNewStep.swift */; };
		FD480D37264B0176008A8F07 /* TreatmentDetailsModel.swift in Sources */ = {isa = PBXBuildFile; fileRef = FD480D36264B0176008A8F07 /* TreatmentDetailsModel.swift */; };
		FD480D39264B0239008A8F07 /* StepDetailsModel.swift in Sources */ = {isa = PBXBuildFile; fileRef = FD480D38264B0239008A8F07 /* StepDetailsModel.swift */; };
		FD8FE7FA264EEAD300317AD0 /* ImagePicker.swift in Sources */ = {isa = PBXBuildFile; fileRef = FD8FE7F9264EEAD300317AD0 /* ImagePicker.swift */; };
		FD8FE83F2652ECEF00317AD0 /* CreateNewTreatment.swift in Sources */ = {isa = PBXBuildFile; fileRef = FD8FE83E2652ECEF00317AD0 /* CreateNewTreatment.swift */; };
		FD8FE8412654356500317AD0 /* ListedPacientView.swift in Sources */ = {isa = PBXBuildFile; fileRef = FD8FE8402654356500317AD0 /* ListedPacientView.swift */; };
		FD8FE843265444D400317AD0 /* PacientsOfTheTreatment.swift in Sources */ = {isa = PBXBuildFile; fileRef = FD8FE842265444D400317AD0 /* PacientsOfTheTreatment.swift */; };
		FD8FE84526544A2F00317AD0 /* PacientModel.swift in Sources */ = {isa = PBXBuildFile; fileRef = FD8FE84426544A2F00317AD0 /* PacientModel.swift */; };
		FD8FE84926558D6E00317AD0 /* ProCurrentTreatments.swift in Sources */ = {isa = PBXBuildFile; fileRef = FD8FE84826558D6E00317AD0 /* ProCurrentTreatments.swift */; };
		FDA8D0092656EE44002D98BD /* AllPacientsModel.swift in Sources */ = {isa = PBXBuildFile; fileRef = FDA8D0082656EE44002D98BD /* AllPacientsModel.swift */; };
/* End PBXBuildFile section */

/* Begin PBXFileReference section */
		711A06C0264630FA000CA449 /* TreatmentProStages.swift */ = {isa = PBXFileReference; lastKnownFileType = sourcecode.swift; path = TreatmentProStages.swift; sourceTree = "<group>"; };
		711A06C42646414B000CA449 /* PatientCard.swift */ = {isa = PBXFileReference; lastKnownFileType = sourcecode.swift; path = PatientCard.swift; sourceTree = "<group>"; };
		711A06CF26464DF4000CA449 /* ProfileView.swift */ = {isa = PBXFileReference; lastKnownFileType = sourcecode.swift; path = ProfileView.swift; sourceTree = "<group>"; };
		711A06D326464F54000CA449 /* ProfessionalTabView.swift */ = {isa = PBXFileReference; lastKnownFileType = sourcecode.swift; path = ProfessionalTabView.swift; sourceTree = "<group>"; };
		71836074265433FF00CB91DE /* RegisterPatient.swift */ = {isa = PBXFileReference; lastKnownFileType = sourcecode.swift; path = RegisterPatient.swift; sourceTree = "<group>"; };
		7183607C2654579D00CB91DE /* TreatmentItemNewPatient.swift */ = {isa = PBXFileReference; lastKnownFileType = sourcecode.swift; path = TreatmentItemNewPatient.swift; sourceTree = "<group>"; };
		719AC368264D114C000DF672 /* AiNi.entitlements */ = {isa = PBXFileReference; lastKnownFileType = text.plist.entitlements; path = AiNi.entitlements; sourceTree = "<group>"; };
		719AC36A264D115B000DF672 /* CloudKit.framework */ = {isa = PBXFileReference; lastKnownFileType = wrapper.framework; name = CloudKit.framework; path = System/Library/Frameworks/CloudKit.framework; sourceTree = SDKROOT; };
		71A869DD264A52B4006B1176 /* ProfileHeader.swift */ = {isa = PBXFileReference; lastKnownFileType = sourcecode.swift; path = ProfileHeader.swift; sourceTree = "<group>"; };
		71D1407726430DD700D2774C /* AiNi.app */ = {isa = PBXFileReference; explicitFileType = wrapper.application; includeInIndex = 0; path = AiNi.app; sourceTree = BUILT_PRODUCTS_DIR; };
		71D1407A26430DD700D2774C /* AiNiApp.swift */ = {isa = PBXFileReference; lastKnownFileType = sourcecode.swift; path = AiNiApp.swift; sourceTree = "<group>"; };
		71D1407C26430DD700D2774C /* ContentView.swift */ = {isa = PBXFileReference; lastKnownFileType = sourcecode.swift; path = ContentView.swift; sourceTree = "<group>"; };
		71D1407E26430DD900D2774C /* Assets.xcassets */ = {isa = PBXFileReference; lastKnownFileType = folder.assetcatalog; path = Assets.xcassets; sourceTree = "<group>"; };
		71D1408126430DD900D2774C /* Preview Assets.xcassets */ = {isa = PBXFileReference; lastKnownFileType = folder.assetcatalog; path = "Preview Assets.xcassets"; sourceTree = "<group>"; };
		71D1408326430DD900D2774C /* Info.plist */ = {isa = PBXFileReference; lastKnownFileType = text.plist.xml; path = Info.plist; sourceTree = "<group>"; };
		71DC3046264B10B60044CA11 /* CircleImage.swift */ = {isa = PBXFileReference; fileEncoding = 4; lastKnownFileType = sourcecode.swift; path = CircleImage.swift; sourceTree = "<group>"; };
		71DC304A264B11910044CA11 /* PatientTabView.swift */ = {isa = PBXFileReference; fileEncoding = 4; lastKnownFileType = sourcecode.swift; path = PatientTabView.swift; sourceTree = "<group>"; };
		8021066126559BD200787B12 /* User.swift */ = {isa = PBXFileReference; lastKnownFileType = sourcecode.swift; path = User.swift; sourceTree = "<group>"; };
		802106632656F64F00787B12 /* UserType.swift */ = {isa = PBXFileReference; lastKnownFileType = sourcecode.swift; path = UserType.swift; sourceTree = "<group>"; };
		8057C8B0265311C40006794B /* CustomTextField.swift */ = {isa = PBXFileReference; fileEncoding = 4; lastKnownFileType = sourcecode.swift; path = CustomTextField.swift; sourceTree = "<group>"; };
		9F16FB04264E0A2800792B9B /* PatientTreatmentsCard.swift */ = {isa = PBXFileReference; lastKnownFileType = sourcecode.swift; path = PatientTreatmentsCard.swift; sourceTree = "<group>"; };
		9F16FB08264E0D2C00792B9B /* StageCard.swift */ = {isa = PBXFileReference; lastKnownFileType = sourcecode.swift; path = StageCard.swift; sourceTree = "<group>"; };
		9F16FB0C264ED9AC00792B9B /* PatientStageView.swift */ = {isa = PBXFileReference; lastKnownFileType = sourcecode.swift; path = PatientStageView.swift; sourceTree = "<group>"; };
		9F16FB10264EFCBA00792B9B /* CardsGradientStyle.swift */ = {isa = PBXFileReference; lastKnownFileType = sourcecode.swift; path = CardsGradientStyle.swift; sourceTree = "<group>"; };
		9F7DA081265430F70086F13E /* TreatmentTimer.swift */ = {isa = PBXFileReference; lastKnownFileType = sourcecode.swift; path = TreatmentTimer.swift; sourceTree = "<group>"; };
		9F7DA083265467F60086F13E /* LightGradientStyle.swift */ = {isa = PBXFileReference; lastKnownFileType = sourcecode.swift; path = LightGradientStyle.swift; sourceTree = "<group>"; };
		9F85274D264DB73C00B5B485 /* TreatmentProCard.swift */ = {isa = PBXFileReference; fileEncoding = 4; lastKnownFileType = sourcecode.swift; path = TreatmentProCard.swift; sourceTree = "<group>"; };
		9F85274E264DB73C00B5B485 /* TreatmentsProView.swift */ = {isa = PBXFileReference; fileEncoding = 4; lastKnownFileType = sourcecode.swift; path = TreatmentsProView.swift; sourceTree = "<group>"; };
		9F852751264DB75900B5B485 /* NotificationsView.swift */ = {isa = PBXFileReference; fileEncoding = 4; lastKnownFileType = sourcecode.swift; path = NotificationsView.swift; sourceTree = "<group>"; };
		9F852753264DB77200B5B485 /* PatientsView.swift */ = {isa = PBXFileReference; fileEncoding = 4; lastKnownFileType = sourcecode.swift; path = PatientsView.swift; sourceTree = "<group>"; };
		9F85275A264DB90000B5B485 /* RegisterView.swift */ = {isa = PBXFileReference; fileEncoding = 4; lastKnownFileType = sourcecode.swift; path = RegisterView.swift; sourceTree = "<group>"; };
		9F85275B264DB90000B5B485 /* AuthView.swift */ = {isa = PBXFileReference; fileEncoding = 4; lastKnownFileType = sourcecode.swift; path = AuthView.swift; sourceTree = "<group>"; };
		9F89D4B32652DEBA008558C6 /* PatientDoingStep.swift */ = {isa = PBXFileReference; lastKnownFileType = sourcecode.swift; path = PatientDoingStep.swift; sourceTree = "<group>"; };
		9F89D4B52652E12E008558C6 /* PatientProgressView.swift */ = {isa = PBXFileReference; lastKnownFileType = sourcecode.swift; path = PatientProgressView.swift; sourceTree = "<group>"; };
		9F89D4B82652EADF008558C6 /* BlueButton.swift */ = {isa = PBXFileReference; lastKnownFileType = sourcecode.swift; path = BlueButton.swift; sourceTree = "<group>"; };
		9FD5D6752654B877004F39F6 /* LightButton.swift */ = {isa = PBXFileReference; lastKnownFileType = sourcecode.swift; path = LightButton.swift; sourceTree = "<group>"; };
		9FEB86232656BA5F0087D892 /* StepTwoView.swift */ = {isa = PBXFileReference; lastKnownFileType = sourcecode.swift; path = StepTwoView.swift; sourceTree = "<group>"; };
		9FEB86262656F5D10087D892 /* DoneStageButton.swift */ = {isa = PBXFileReference; lastKnownFileType = sourcecode.swift; path = DoneStageButton.swift; sourceTree = "<group>"; };
		9FF30FAB264C446600161638 /* TodayView.swift */ = {isa = PBXFileReference; lastKnownFileType = sourcecode.swift; path = TodayView.swift; sourceTree = "<group>"; };
		9FF30FAE264C69D200161638 /* PatientTreatmentsView.swift */ = {isa = PBXFileReference; lastKnownFileType = sourcecode.swift; path = PatientTreatmentsView.swift; sourceTree = "<group>"; };
		FD480D34264AFD52008A8F07 /* ModalNewStep.swift */ = {isa = PBXFileReference; lastKnownFileType = sourcecode.swift; path = ModalNewStep.swift; sourceTree = "<group>"; };
		FD480D36264B0176008A8F07 /* TreatmentDetailsModel.swift */ = {isa = PBXFileReference; lastKnownFileType = sourcecode.swift; path = TreatmentDetailsModel.swift; sourceTree = "<group>"; };
		FD480D38264B0239008A8F07 /* StepDetailsModel.swift */ = {isa = PBXFileReference; lastKnownFileType = sourcecode.swift; path = StepDetailsModel.swift; sourceTree = "<group>"; };
		FD8FE7F9264EEAD300317AD0 /* ImagePicker.swift */ = {isa = PBXFileReference; lastKnownFileType = sourcecode.swift; path = ImagePicker.swift; sourceTree = "<group>"; };
		FD8FE83E2652ECEF00317AD0 /* CreateNewTreatment.swift */ = {isa = PBXFileReference; lastKnownFileType = sourcecode.swift; path = CreateNewTreatment.swift; sourceTree = "<group>"; };
		FD8FE8402654356500317AD0 /* ListedPacientView.swift */ = {isa = PBXFileReference; lastKnownFileType = sourcecode.swift; path = ListedPacientView.swift; sourceTree = "<group>"; };
		FD8FE842265444D400317AD0 /* PacientsOfTheTreatment.swift */ = {isa = PBXFileReference; lastKnownFileType = sourcecode.swift; path = PacientsOfTheTreatment.swift; sourceTree = "<group>"; };
		FD8FE84426544A2F00317AD0 /* PacientModel.swift */ = {isa = PBXFileReference; lastKnownFileType = sourcecode.swift; path = PacientModel.swift; sourceTree = "<group>"; };
		FD8FE84826558D6E00317AD0 /* ProCurrentTreatments.swift */ = {isa = PBXFileReference; lastKnownFileType = sourcecode.swift; path = ProCurrentTreatments.swift; sourceTree = "<group>"; };
		FDA8D0082656EE44002D98BD /* AllPacientsModel.swift */ = {isa = PBXFileReference; lastKnownFileType = sourcecode.swift; path = AllPacientsModel.swift; sourceTree = "<group>"; };
/* End PBXFileReference section */

/* Begin PBXFrameworksBuildPhase section */
		71D1407426430DD700D2774C /* Frameworks */ = {
			isa = PBXFrameworksBuildPhase;
			buildActionMask = 2147483647;
			files = (
				719AC36B264D115B000DF672 /* CloudKit.framework in Frameworks */,
			);
			runOnlyForDeploymentPostprocessing = 0;
		};
/* End PBXFrameworksBuildPhase section */

/* Begin PBXGroup section */
		711A06C826464BCC000CA449 /* Treatments */ = {
			isa = PBXGroup;
			children = (
				FD8FE83E2652ECEF00317AD0 /* CreateNewTreatment.swift */,
				FD8FE842265444D400317AD0 /* PacientsOfTheTreatment.swift */,
				FD480D34264AFD52008A8F07 /* ModalNewStep.swift */,
				711A06C0264630FA000CA449 /* TreatmentProStages.swift */,
				9F85274E264DB73C00B5B485 /* TreatmentsProView.swift */,
			);
			path = Treatments;
			sourceTree = "<group>";
		};
		711A06C926464C2A000CA449 /* Patients */ = {
			isa = PBXGroup;
			children = (
				7183607C2654579D00CB91DE /* TreatmentItemNewPatient.swift */,
				71836074265433FF00CB91DE /* RegisterPatient.swift */,
				9F852753264DB77200B5B485 /* PatientsView.swift */,
				711A06C42646414B000CA449 /* PatientCard.swift */,
			);
			path = Patients;
			sourceTree = "<group>";
		};
		711A06CE26464CDD000CA449 /* Notifications */ = {
			isa = PBXGroup;
			children = (
				9F852751264DB75900B5B485 /* NotificationsView.swift */,
			);
			path = Notifications;
			sourceTree = "<group>";
		};
		711A06D126464E5C000CA449 /* Profile */ = {
			isa = PBXGroup;
			children = (
				711A06CF26464DF4000CA449 /* ProfileView.swift */,
				71A869DD264A52B4006B1176 /* ProfileHeader.swift */,
			);
			path = Profile;
			sourceTree = "<group>";
		};
		711A06D226464E71000CA449 /* Professional */ = {
			isa = PBXGroup;
			children = (
				FD8FE8402654356500317AD0 /* ListedPacientView.swift */,
				9F85274D264DB73C00B5B485 /* TreatmentProCard.swift */,
				711A06C826464BCC000CA449 /* Treatments */,
				711A06C926464C2A000CA449 /* Patients */,
				711A06D326464F54000CA449 /* ProfessionalTabView.swift */,
			);
			path = Professional;
			sourceTree = "<group>";
		};
		719AC369264D115B000DF672 /* Frameworks */ = {
			isa = PBXGroup;
			children = (
				719AC36A264D115B000DF672 /* CloudKit.framework */,
			);
			name = Frameworks;
			sourceTree = "<group>";
		};
		71A869DF264A537B006B1176 /* Model */ = {
			isa = PBXGroup;
			children = (
				FD8FE84826558D6E00317AD0 /* ProCurrentTreatments.swift */,
				FD480D36264B0176008A8F07 /* TreatmentDetailsModel.swift */,
				FD480D38264B0239008A8F07 /* StepDetailsModel.swift */,
				FD8FE84426544A2F00317AD0 /* PacientModel.swift */,
				8021066126559BD200787B12 /* User.swift */,
				FDA8D0082656EE44002D98BD /* AllPacientsModel.swift */,
			);
			path = Model;
			sourceTree = "<group>";
		};
		71A869E4264A6FE4006B1176 /* Patient */ = {
			isa = PBXGroup;
			children = (
				9F89D4BC26530ED7008558C6 /* Components */,
				9FF30FAD264C697500161638 /* Views */,
			);
			path = Patient;
			sourceTree = "<group>";
		};
		71A869EB264A72BE006B1176 /* Common */ = {
			isa = PBXGroup;
			children = (
				9F89D4B72652EA9B008558C6 /* Components */,
				9F852759264DB8D700B5B485 /* Login */,
				71D1407C26430DD700D2774C /* ContentView.swift */,
				711A06CE26464CDD000CA449 /* Notifications */,
				711A06D126464E5C000CA449 /* Profile */,
				FD8FE7F9264EEAD300317AD0 /* ImagePicker.swift */,
			);
			path = Common;
			sourceTree = "<group>";
		};
		71D1406E26430DD700D2774C = {
			isa = PBXGroup;
			children = (
				71D1407926430DD700D2774C /* AiNi */,
				71D1407826430DD700D2774C /* Products */,
				719AC369264D115B000DF672 /* Frameworks */,
			);
			sourceTree = "<group>";
		};
		71D1407826430DD700D2774C /* Products */ = {
			isa = PBXGroup;
			children = (
				71D1407726430DD700D2774C /* AiNi.app */,
			);
			name = Products;
			sourceTree = "<group>";
		};
		71D1407926430DD700D2774C /* AiNi */ = {
			isa = PBXGroup;
			children = (
				719AC368264D114C000DF672 /* AiNi.entitlements */,
				71D1407A26430DD700D2774C /* AiNiApp.swift */,
				71A869EB264A72BE006B1176 /* Common */,
				71A869E4264A6FE4006B1176 /* Patient */,
				711A06D226464E71000CA449 /* Professional */,
				71D1407E26430DD900D2774C /* Assets.xcassets */,
				71D1408326430DD900D2774C /* Info.plist */,
				71A869DF264A537B006B1176 /* Model */,
				71D1408026430DD900D2774C /* Preview Content */,
			);
			path = AiNi;
			sourceTree = "<group>";
		};
		71D1408026430DD900D2774C /* Preview Content */ = {
			isa = PBXGroup;
			children = (
				71D1408126430DD900D2774C /* Preview Assets.xcassets */,
			);
			path = "Preview Content";
			sourceTree = "<group>";
		};
		9F852759264DB8D700B5B485 /* Login */ = {
			isa = PBXGroup;
			children = (
				8057C8B0265311C40006794B /* CustomTextField.swift */,
				9F85275B264DB90000B5B485 /* AuthView.swift */,
				9F85275A264DB90000B5B485 /* RegisterView.swift */,
				802106632656F64F00787B12 /* UserType.swift */,
			);
			path = Login;
			sourceTree = "<group>";
		};
		9F89D4B72652EA9B008558C6 /* Components */ = {
			isa = PBXGroup;
			children = (
				71DC3046264B10B60044CA11 /* CircleImage.swift */,
				9F89D4B82652EADF008558C6 /* BlueButton.swift */,
				9F16FB08264E0D2C00792B9B /* StageCard.swift */,
				9F16FB10264EFCBA00792B9B /* CardsGradientStyle.swift */,
				9F7DA083265467F60086F13E /* LightGradientStyle.swift */,
				9F7DA081265430F70086F13E /* TreatmentTimer.swift */,
				9FD5D6752654B877004F39F6 /* LightButton.swift */,
				9FEB86262656F5D10087D892 /* DoneStageButton.swift */,
			);
			path = Components;
			sourceTree = "<group>";
		};
		9F89D4BC26530ED7008558C6 /* Components */ = {
			isa = PBXGroup;
			children = (
				9F16FB04264E0A2800792B9B /* PatientTreatmentsCard.swift */,
				9F89D4B52652E12E008558C6 /* PatientProgressView.swift */,
			);
			path = Components;
			sourceTree = "<group>";
		};
		9FF30FAD264C697500161638 /* Views */ = {
			isa = PBXGroup;
			children = (
				71DC304A264B11910044CA11 /* PatientTabView.swift */,
				9FF30FAE264C69D200161638 /* PatientTreatmentsView.swift */,
				9F16FB0C264ED9AC00792B9B /* PatientStageView.swift */,
				9F89D4B32652DEBA008558C6 /* PatientDoingStep.swift */,
				9FEB86232656BA5F0087D892 /* StepTwoView.swift */,
				9FF30FAB264C446600161638 /* TodayView.swift */,
			);
			path = Views;
			sourceTree = "<group>";
		};
/* End PBXGroup section */

/* Begin PBXNativeTarget section */
		71D1407626430DD700D2774C /* AiNi */ = {
			isa = PBXNativeTarget;
			buildConfigurationList = 71D1408626430DD900D2774C /* Build configuration list for PBXNativeTarget "AiNi" */;
			buildPhases = (
				71D1407326430DD700D2774C /* Sources */,
				71D1407426430DD700D2774C /* Frameworks */,
				71D1407526430DD700D2774C /* Resources */,
			);
			buildRules = (
			);
			dependencies = (
			);
			name = AiNi;
			productName = AiNi;
			productReference = 71D1407726430DD700D2774C /* AiNi.app */;
			productType = "com.apple.product-type.application";
		};
/* End PBXNativeTarget section */

/* Begin PBXProject section */
		71D1406F26430DD700D2774C /* Project object */ = {
			isa = PBXProject;
			attributes = {
				LastSwiftUpdateCheck = 1250;
				LastUpgradeCheck = 1250;
				TargetAttributes = {
					71D1407626430DD700D2774C = {
						CreatedOnToolsVersion = 12.5;
					};
				};
			};
			buildConfigurationList = 71D1407226430DD700D2774C /* Build configuration list for PBXProject "AiNi" */;
			compatibilityVersion = "Xcode 9.3";
			developmentRegion = en;
			hasScannedForEncodings = 0;
			knownRegions = (
				en,
				Base,
			);
			mainGroup = 71D1406E26430DD700D2774C;
			productRefGroup = 71D1407826430DD700D2774C /* Products */;
			projectDirPath = "";
			projectRoot = "";
			targets = (
				71D1407626430DD700D2774C /* AiNi */,
			);
		};
/* End PBXProject section */

/* Begin PBXResourcesBuildPhase section */
		71D1407526430DD700D2774C /* Resources */ = {
			isa = PBXResourcesBuildPhase;
			buildActionMask = 2147483647;
			files = (
				71D1408226430DD900D2774C /* Preview Assets.xcassets in Resources */,
				71D1407F26430DD900D2774C /* Assets.xcassets in Resources */,
			);
			runOnlyForDeploymentPostprocessing = 0;
		};
/* End PBXResourcesBuildPhase section */

/* Begin PBXSourcesBuildPhase section */
		71D1407326430DD700D2774C /* Sources */ = {
			isa = PBXSourcesBuildPhase;
			buildActionMask = 2147483647;
			files = (
				9FEB86242656BA5F0087D892 /* StepTwoView.swift in Sources */,
				9F89D4B92652EADF008558C6 /* BlueButton.swift in Sources */,
				9F852754264DB77200B5B485 /* PatientsView.swift in Sources */,
				FD480D35264AFD52008A8F07 /* ModalNewStep.swift in Sources */,
				FD480D39264B0239008A8F07 /* StepDetailsModel.swift in Sources */,
				9F852750264DB73C00B5B485 /* TreatmentsProView.swift in Sources */,
				9FEB86272656F5D10087D892 /* DoneStageButton.swift in Sources */,
				9F16FB05264E0A2800792B9B /* PatientTreatmentsCard.swift in Sources */,
				9F7DA082265430F70086F13E /* TreatmentTimer.swift in Sources */,
				711A06D426464F54000CA449 /* ProfessionalTabView.swift in Sources */,
				9FF30FAC264C446600161638 /* TodayView.swift in Sources */,
				71DC3047264B10B60044CA11 /* CircleImage.swift in Sources */,
				FD8FE83F2652ECEF00317AD0 /* CreateNewTreatment.swift in Sources */,
				71A869DE264A52B4006B1176 /* ProfileHeader.swift in Sources */,
				FD8FE843265444D400317AD0 /* PacientsOfTheTreatment.swift in Sources */,
				711A06C52646414B000CA449 /* PatientCard.swift in Sources */,
				FDA8D0092656EE44002D98BD /* AllPacientsModel.swift in Sources */,
				9F16FB11264EFCBA00792B9B /* CardsGradientStyle.swift in Sources */,
				9F16FB0D264ED9AC00792B9B /* PatientStageView.swift in Sources */,
				71DC304B264B11910044CA11 /* PatientTabView.swift in Sources */,
				9F89D4B42652DEBA008558C6 /* PatientDoingStep.swift in Sources */,
				FD8FE7FA264EEAD300317AD0 /* ImagePicker.swift in Sources */,
				9FF30FAF264C69D200161638 /* PatientTreatmentsView.swift in Sources */,
				9F852752264DB75900B5B485 /* NotificationsView.swift in Sources */,
				8057C8B1265311C40006794B /* CustomTextField.swift in Sources */,
				9F85275D264DB90000B5B485 /* AuthView.swift in Sources */,
				7183607D2654579D00CB91DE /* TreatmentItemNewPatient.swift in Sources */,
				9F7DA084265467F60086F13E /* LightGradientStyle.swift in Sources */,
				802106642656F64F00787B12 /* UserType.swift in Sources */,
				8021066226559BD200787B12 /* User.swift in Sources */,
				71D1407D26430DD700D2774C /* ContentView.swift in Sources */,
				FD8FE8412654356500317AD0 /* ListedPacientView.swift in Sources */,
				9F85274F264DB73C00B5B485 /* TreatmentProCard.swift in Sources */,
				FD480D37264B0176008A8F07 /* TreatmentDetailsModel.swift in Sources */,
				71D1407B26430DD700D2774C /* AiNiApp.swift in Sources */,
				71836075265433FF00CB91DE /* RegisterPatient.swift in Sources */,
				FD8FE84526544A2F00317AD0 /* PacientModel.swift in Sources */,
				FD8FE84926558D6E00317AD0 /* ProCurrentTreatments.swift in Sources */,
				9F85275C264DB90000B5B485 /* RegisterView.swift in Sources */,
				9F16FB09264E0D2C00792B9B /* StageCard.swift in Sources */,
				711A06D026464DF4000CA449 /* ProfileView.swift in Sources */,
				711A06C1264630FA000CA449 /* TreatmentProStages.swift in Sources */,
				9FD5D6762654B877004F39F6 /* LightButton.swift in Sources */,
				9F89D4B62652E12E008558C6 /* PatientProgressView.swift in Sources */,
			);
			runOnlyForDeploymentPostprocessing = 0;
		};
/* End PBXSourcesBuildPhase section */

/* Begin XCBuildConfiguration section */
		71D1408426430DD900D2774C /* Debug */ = {
			isa = XCBuildConfiguration;
			buildSettings = {
				ALWAYS_SEARCH_USER_PATHS = NO;
				CLANG_ANALYZER_NONNULL = YES;
				CLANG_ANALYZER_NUMBER_OBJECT_CONVERSION = YES_AGGRESSIVE;
				CLANG_CXX_LANGUAGE_STANDARD = "gnu++14";
				CLANG_CXX_LIBRARY = "libc++";
				CLANG_ENABLE_MODULES = YES;
				CLANG_ENABLE_OBJC_ARC = YES;
				CLANG_ENABLE_OBJC_WEAK = YES;
				CLANG_WARN_BLOCK_CAPTURE_AUTORELEASING = YES;
				CLANG_WARN_BOOL_CONVERSION = YES;
				CLANG_WARN_COMMA = YES;
				CLANG_WARN_CONSTANT_CONVERSION = YES;
				CLANG_WARN_DEPRECATED_OBJC_IMPLEMENTATIONS = YES;
				CLANG_WARN_DIRECT_OBJC_ISA_USAGE = YES_ERROR;
				CLANG_WARN_DOCUMENTATION_COMMENTS = YES;
				CLANG_WARN_EMPTY_BODY = YES;
				CLANG_WARN_ENUM_CONVERSION = YES;
				CLANG_WARN_INFINITE_RECURSION = YES;
				CLANG_WARN_INT_CONVERSION = YES;
				CLANG_WARN_NON_LITERAL_NULL_CONVERSION = YES;
				CLANG_WARN_OBJC_IMPLICIT_RETAIN_SELF = YES;
				CLANG_WARN_OBJC_LITERAL_CONVERSION = YES;
				CLANG_WARN_OBJC_ROOT_CLASS = YES_ERROR;
				CLANG_WARN_QUOTED_INCLUDE_IN_FRAMEWORK_HEADER = YES;
				CLANG_WARN_RANGE_LOOP_ANALYSIS = YES;
				CLANG_WARN_STRICT_PROTOTYPES = YES;
				CLANG_WARN_SUSPICIOUS_MOVE = YES;
				CLANG_WARN_UNGUARDED_AVAILABILITY = YES_AGGRESSIVE;
				CLANG_WARN_UNREACHABLE_CODE = YES;
				CLANG_WARN__DUPLICATE_METHOD_MATCH = YES;
				COPY_PHASE_STRIP = NO;
				DEBUG_INFORMATION_FORMAT = dwarf;
				ENABLE_STRICT_OBJC_MSGSEND = YES;
				ENABLE_TESTABILITY = YES;
				GCC_C_LANGUAGE_STANDARD = gnu11;
				GCC_DYNAMIC_NO_PIC = NO;
				GCC_NO_COMMON_BLOCKS = YES;
				GCC_OPTIMIZATION_LEVEL = 0;
				GCC_PREPROCESSOR_DEFINITIONS = (
					"DEBUG=1",
					"$(inherited)",
				);
				GCC_WARN_64_TO_32_BIT_CONVERSION = YES;
				GCC_WARN_ABOUT_RETURN_TYPE = YES_ERROR;
				GCC_WARN_UNDECLARED_SELECTOR = YES;
				GCC_WARN_UNINITIALIZED_AUTOS = YES_AGGRESSIVE;
				GCC_WARN_UNUSED_FUNCTION = YES;
				GCC_WARN_UNUSED_VARIABLE = YES;
				IPHONEOS_DEPLOYMENT_TARGET = 14.5;
				MTL_ENABLE_DEBUG_INFO = INCLUDE_SOURCE;
				MTL_FAST_MATH = YES;
				ONLY_ACTIVE_ARCH = YES;
				SDKROOT = iphoneos;
				SWIFT_ACTIVE_COMPILATION_CONDITIONS = DEBUG;
				SWIFT_OPTIMIZATION_LEVEL = "-Onone";
			};
			name = Debug;
		};
		71D1408526430DD900D2774C /* Release */ = {
			isa = XCBuildConfiguration;
			buildSettings = {
				ALWAYS_SEARCH_USER_PATHS = NO;
				CLANG_ANALYZER_NONNULL = YES;
				CLANG_ANALYZER_NUMBER_OBJECT_CONVERSION = YES_AGGRESSIVE;
				CLANG_CXX_LANGUAGE_STANDARD = "gnu++14";
				CLANG_CXX_LIBRARY = "libc++";
				CLANG_ENABLE_MODULES = YES;
				CLANG_ENABLE_OBJC_ARC = YES;
				CLANG_ENABLE_OBJC_WEAK = YES;
				CLANG_WARN_BLOCK_CAPTURE_AUTORELEASING = YES;
				CLANG_WARN_BOOL_CONVERSION = YES;
				CLANG_WARN_COMMA = YES;
				CLANG_WARN_CONSTANT_CONVERSION = YES;
				CLANG_WARN_DEPRECATED_OBJC_IMPLEMENTATIONS = YES;
				CLANG_WARN_DIRECT_OBJC_ISA_USAGE = YES_ERROR;
				CLANG_WARN_DOCUMENTATION_COMMENTS = YES;
				CLANG_WARN_EMPTY_BODY = YES;
				CLANG_WARN_ENUM_CONVERSION = YES;
				CLANG_WARN_INFINITE_RECURSION = YES;
				CLANG_WARN_INT_CONVERSION = YES;
				CLANG_WARN_NON_LITERAL_NULL_CONVERSION = YES;
				CLANG_WARN_OBJC_IMPLICIT_RETAIN_SELF = YES;
				CLANG_WARN_OBJC_LITERAL_CONVERSION = YES;
				CLANG_WARN_OBJC_ROOT_CLASS = YES_ERROR;
				CLANG_WARN_QUOTED_INCLUDE_IN_FRAMEWORK_HEADER = YES;
				CLANG_WARN_RANGE_LOOP_ANALYSIS = YES;
				CLANG_WARN_STRICT_PROTOTYPES = YES;
				CLANG_WARN_SUSPICIOUS_MOVE = YES;
				CLANG_WARN_UNGUARDED_AVAILABILITY = YES_AGGRESSIVE;
				CLANG_WARN_UNREACHABLE_CODE = YES;
				CLANG_WARN__DUPLICATE_METHOD_MATCH = YES;
				COPY_PHASE_STRIP = NO;
				DEBUG_INFORMATION_FORMAT = "dwarf-with-dsym";
				ENABLE_NS_ASSERTIONS = NO;
				ENABLE_STRICT_OBJC_MSGSEND = YES;
				GCC_C_LANGUAGE_STANDARD = gnu11;
				GCC_NO_COMMON_BLOCKS = YES;
				GCC_WARN_64_TO_32_BIT_CONVERSION = YES;
				GCC_WARN_ABOUT_RETURN_TYPE = YES_ERROR;
				GCC_WARN_UNDECLARED_SELECTOR = YES;
				GCC_WARN_UNINITIALIZED_AUTOS = YES_AGGRESSIVE;
				GCC_WARN_UNUSED_FUNCTION = YES;
				GCC_WARN_UNUSED_VARIABLE = YES;
				IPHONEOS_DEPLOYMENT_TARGET = 14.5;
				MTL_ENABLE_DEBUG_INFO = NO;
				MTL_FAST_MATH = YES;
				SDKROOT = iphoneos;
				SWIFT_COMPILATION_MODE = wholemodule;
				SWIFT_OPTIMIZATION_LEVEL = "-O";
				VALIDATE_PRODUCT = YES;
			};
			name = Release;
		};
		71D1408726430DD900D2774C /* Debug */ = {
			isa = XCBuildConfiguration;
			buildSettings = {
				ASSETCATALOG_COMPILER_APPICON_NAME = AppIcon;
				ASSETCATALOG_COMPILER_GLOBAL_ACCENT_COLOR_NAME = AccentColor;
				CODE_SIGN_ENTITLEMENTS = AiNi/AiNi.entitlements;
				CODE_SIGN_STYLE = Automatic;
				DEVELOPMENT_ASSET_PATHS = "\"AiNi/Preview Content\"";
				DEVELOPMENT_TEAM = VHG5SDJ6H6;
				ENABLE_PREVIEWS = YES;
				INFOPLIST_FILE = AiNi/Info.plist;
				IPHONEOS_DEPLOYMENT_TARGET = 14.0;
				LD_RUNPATH_SEARCH_PATHS = (
					"$(inherited)",
					"@executable_path/Frameworks",
				);
				PRODUCT_BUNDLE_IDENTIFIER = br.com.aini.AiNi;
				PRODUCT_NAME = "$(TARGET_NAME)";
				SWIFT_VERSION = 5.0;
				TARGETED_DEVICE_FAMILY = 1;
			};
			name = Debug;
		};
		71D1408826430DD900D2774C /* Release */ = {
			isa = XCBuildConfiguration;
			buildSettings = {
				ASSETCATALOG_COMPILER_APPICON_NAME = AppIcon;
				ASSETCATALOG_COMPILER_GLOBAL_ACCENT_COLOR_NAME = AccentColor;
				CODE_SIGN_ENTITLEMENTS = AiNi/AiNi.entitlements;
				CODE_SIGN_STYLE = Automatic;
				DEVELOPMENT_ASSET_PATHS = "\"AiNi/Preview Content\"";
				DEVELOPMENT_TEAM = VHG5SDJ6H6;
				ENABLE_PREVIEWS = YES;
				INFOPLIST_FILE = AiNi/Info.plist;
				IPHONEOS_DEPLOYMENT_TARGET = 14.0;
				LD_RUNPATH_SEARCH_PATHS = (
					"$(inherited)",
					"@executable_path/Frameworks",
				);
				PRODUCT_BUNDLE_IDENTIFIER = br.com.aini.AiNi;
				PRODUCT_NAME = "$(TARGET_NAME)";
				SWIFT_VERSION = 5.0;
				TARGETED_DEVICE_FAMILY = 1;
			};
			name = Release;
		};
/* End XCBuildConfiguration section */

/* Begin XCConfigurationList section */
		71D1407226430DD700D2774C /* Build configuration list for PBXProject "AiNi" */ = {
			isa = XCConfigurationList;
			buildConfigurations = (
				71D1408426430DD900D2774C /* Debug */,
				71D1408526430DD900D2774C /* Release */,
			);
			defaultConfigurationIsVisible = 0;
			defaultConfigurationName = Release;
		};
		71D1408626430DD900D2774C /* Build configuration list for PBXNativeTarget "AiNi" */ = {
			isa = XCConfigurationList;
			buildConfigurations = (
				71D1408726430DD900D2774C /* Debug */,
				71D1408826430DD900D2774C /* Release */,
			);
			defaultConfigurationIsVisible = 0;
			defaultConfigurationName = Release;
		};
/* End XCConfigurationList section */
	};
	rootObject = 71D1406F26430DD700D2774C /* Project object */;
}
